
Microsoft Visual Studio Solution File, Format Version 12.00
# Visual Studio Version 17
VisualStudioVersion = 17.5.33414.496
MinimumVisualStudioVersion = 10.0.40219.1
Project("{8BC9CEB8-8B4A-11D0-8D11-00A0C91BC942}") = "HegiFeleGyakZh", "HegiFeleGyakZh.vcxproj", "{9F8A8018-D329-4F24-BE3E-FA92DE968224}"
EndProject
Global
	GlobalSection(SolutionConfigurationPlatforms) = preSolution
		Debug|x64 = Debug|x64
		Debug|x86 = Debug|x86
		Release|x64 = Release|x64
		Release|x86 = Release|x86
	EndGlobalSection
	GlobalSection(ProjectConfigurationPlatforms) = postSolution
		{9F8A8018-D329-4F24-BE3E-FA92DE968224}.Debug|x64.ActiveCfg = Debug|x64
		{9F8A8018-D329-4F24-BE3E-FA92DE968224}.Debug|x64.Build.0 = Debug|x64
		{9F8A8018-D329-4F24-BE3E-FA92DE968224}.Debug|x86.ActiveCfg = Debug|Win32
		{9F8A8018-D329-4F24-BE3E-FA92DE968224}.Debug|x86.Build.0 = Debug|Win32
		{9F8A8018-D329-4F24-BE3E-FA92DE968224}.Release|x64.ActiveCfg = Release|x64
		{9F8A8018-D329-4F24-BE3E-FA92DE968224}.Release|x64.Build.0 = Release|x64
		{9F8A8018-D329-4F24-BE3E-FA92DE968224}.Release|x86.ActiveCfg = Release|Win32
		{9F8A8018-D329-4F24-BE3E-FA92DE968224}.Release|x86.Build.0 = Release|Win32
	EndGlobalSection
	GlobalSection(SolutionProperties) = preSolution
		HideSolutionNode = FALSE
	EndGlobalSection
	GlobalSection(ExtensibilityGlobals) = postSolution
		SolutionGuid = {B96936DE-9D92-4DBE-8C1D-F474D86ED840}
	EndGlobalSection
EndGlobal
